
Microsoft Visual Studio Solution File, Format Version 12.00
# Visual Studio Version 17
VisualStudioVersion = 17.0.31903.59
MinimumVisualStudioVersion = 10.0.40219.1
Project("{2150E333-8FDC-42A3-9474-1A3956D46DE8}") = "src", "src", "{62019FBE-D4F4-4DCA-A01A-CF6AA87FFC0C}"
EndProject
Project("{FAE04EC0-301F-11D3-BF4B-00C04F79EFBC}") = "BlogBank.Api", "src\BlogBank.Api\BlogBank.Api.csproj", "{4ADC0F01-BE77-43C3-B0A6-31AF01DF404C}"
EndProject
Project("{FAE04EC0-301F-11D3-BF4B-00C04F79EFBC}") = "BlogBank.Core", "src\BlogBank.Core\BlogBank.Core.csproj", "{556C85E2-7999-4BA5-B280-12E6D6F6DB69}"
EndProject
Project("{FAE04EC0-301F-11D3-BF4B-00C04F79EFBC}") = "BlogBank.Infrastructure", "src\BlogBank.Infrastructure\BlogBank.Infrastructure.csproj", "{387ED063-65BC-48CE-AE5C-0558D81E906E}"
EndProject
Global
	GlobalSection(SolutionConfigurationPlatforms) = preSolution
		Debug|Any CPU = Debug|Any CPU
		Release|Any CPU = Release|Any CPU
	EndGlobalSection
	GlobalSection(SolutionProperties) = preSolution
		HideSolutionNode = FALSE
	EndGlobalSection
	GlobalSection(ProjectConfigurationPlatforms) = postSolution
		{4ADC0F01-BE77-43C3-B0A6-31AF01DF404C}.Debug|Any CPU.ActiveCfg = Debug|Any CPU
		{4ADC0F01-BE77-43C3-B0A6-31AF01DF404C}.Debug|Any CPU.Build.0 = Debug|Any CPU
		{4ADC0F01-BE77-43C3-B0A6-31AF01DF404C}.Release|Any CPU.ActiveCfg = Release|Any CPU
		{4ADC0F01-BE77-43C3-B0A6-31AF01DF404C}.Release|Any CPU.Build.0 = Release|Any CPU
		{556C85E2-7999-4BA5-B280-12E6D6F6DB69}.Debug|Any CPU.ActiveCfg = Debug|Any CPU
		{556C85E2-7999-4BA5-B280-12E6D6F6DB69}.Debug|Any CPU.Build.0 = Debug|Any CPU
		{556C85E2-7999-4BA5-B280-12E6D6F6DB69}.Release|Any CPU.ActiveCfg = Release|Any CPU
		{556C85E2-7999-4BA5-B280-12E6D6F6DB69}.Release|Any CPU.Build.0 = Release|Any CPU
		{387ED063-65BC-48CE-AE5C-0558D81E906E}.Debug|Any CPU.ActiveCfg = Debug|Any CPU
		{387ED063-65BC-48CE-AE5C-0558D81E906E}.Debug|Any CPU.Build.0 = Debug|Any CPU
		{387ED063-65BC-48CE-AE5C-0558D81E906E}.Release|Any CPU.ActiveCfg = Release|Any CPU
		{387ED063-65BC-48CE-AE5C-0558D81E906E}.Release|Any CPU.Build.0 = Release|Any CPU
	EndGlobalSection
	GlobalSection(NestedProjects) = preSolution
		{4ADC0F01-BE77-43C3-B0A6-31AF01DF404C} = {62019FBE-D4F4-4DCA-A01A-CF6AA87FFC0C}
		{556C85E2-7999-4BA5-B280-12E6D6F6DB69} = {62019FBE-D4F4-4DCA-A01A-CF6AA87FFC0C}
		{387ED063-65BC-48CE-AE5C-0558D81E906E} = {62019FBE-D4F4-4DCA-A01A-CF6AA87FFC0C}
	EndGlobalSection
EndGlobal
